
Microsoft Visual Studio Solution File, Format Version 12.00
# Visual Studio Version 17
VisualStudioVersion = 17.5.33424.131
MinimumVisualStudioVersion = 10.0.40219.1
Project("{9A19103F-16F7-4668-BE54-9A1E7A4F7556}") = "TatBlog.Core", "TatBlog.Core\TatBlog.Core.csproj", "{4E766DC7-435A-466F-B94A-30DD572E4F05}"
EndProject
Project("{9A19103F-16F7-4668-BE54-9A1E7A4F7556}") = "TatBlog.Data", "TatBlog.Data\TatBlog.Data.csproj", "{04D9D6D5-BB7E-49AB-BBFF-4C95E5E8FCEC}"
EndProject
Project("{9A19103F-16F7-4668-BE54-9A1E7A4F7556}") = "TatBlog.Services", "TatBlog.Servieces\TatBlog.Services.csproj", "{73E01EFB-8A45-4BC0-843A-826E72B5B108}"
EndProject
Project("{9A19103F-16F7-4668-BE54-9A1E7A4F7556}") = "TatBlog.WinApp", "TatBlog.WinApp\TatBlog.WinApp.csproj", "{D4CB305F-4EFD-4973-A3A8-1A971D6FA960}"
EndProject
Project("{9A19103F-16F7-4668-BE54-9A1E7A4F7556}") = "TatBlog.WebApp", "TatBlog.WebApp\TatBlog.WebApp.csproj", "{DB7C7E2B-094F-4FD9-81DB-EBECCAE3CDE9}"
EndProject
Project("{FAE04EC0-301F-11D3-BF4B-00C04F79EFBC}") = "TatBlog.WebApi", "TatBlog.WebApi\TatBlog.WebApi.csproj", "{2F5724F2-549F-4AC4-932A-DC79FD060AB7}"
EndProject
Global
	GlobalSection(SolutionConfigurationPlatforms) = preSolution
		Debug|Any CPU = Debug|Any CPU
		Release|Any CPU = Release|Any CPU
	EndGlobalSection
	GlobalSection(ProjectConfigurationPlatforms) = postSolution
		{4E766DC7-435A-466F-B94A-30DD572E4F05}.Debug|Any CPU.ActiveCfg = Debug|Any CPU
		{4E766DC7-435A-466F-B94A-30DD572E4F05}.Debug|Any CPU.Build.0 = Debug|Any CPU
		{4E766DC7-435A-466F-B94A-30DD572E4F05}.Release|Any CPU.ActiveCfg = Release|Any CPU
		{4E766DC7-435A-466F-B94A-30DD572E4F05}.Release|Any CPU.Build.0 = Release|Any CPU
		{04D9D6D5-BB7E-49AB-BBFF-4C95E5E8FCEC}.Debug|Any CPU.ActiveCfg = Debug|Any CPU
		{04D9D6D5-BB7E-49AB-BBFF-4C95E5E8FCEC}.Debug|Any CPU.Build.0 = Debug|Any CPU
		{04D9D6D5-BB7E-49AB-BBFF-4C95E5E8FCEC}.Release|Any CPU.ActiveCfg = Release|Any CPU
		{04D9D6D5-BB7E-49AB-BBFF-4C95E5E8FCEC}.Release|Any CPU.Build.0 = Release|Any CPU
		{73E01EFB-8A45-4BC0-843A-826E72B5B108}.Debug|Any CPU.ActiveCfg = Debug|Any CPU
		{73E01EFB-8A45-4BC0-843A-826E72B5B108}.Debug|Any CPU.Build.0 = Debug|Any CPU
		{73E01EFB-8A45-4BC0-843A-826E72B5B108}.Release|Any CPU.ActiveCfg = Release|Any CPU
		{73E01EFB-8A45-4BC0-843A-826E72B5B108}.Release|Any CPU.Build.0 = Release|Any CPU
		{D4CB305F-4EFD-4973-A3A8-1A971D6FA960}.Debug|Any CPU.ActiveCfg = Debug|Any CPU
		{D4CB305F-4EFD-4973-A3A8-1A971D6FA960}.Debug|Any CPU.Build.0 = Debug|Any CPU
		{D4CB305F-4EFD-4973-A3A8-1A971D6FA960}.Release|Any CPU.ActiveCfg = Release|Any CPU
		{D4CB305F-4EFD-4973-A3A8-1A971D6FA960}.Release|Any CPU.Build.0 = Release|Any CPU
		{DB7C7E2B-094F-4FD9-81DB-EBECCAE3CDE9}.Debug|Any CPU.ActiveCfg = Debug|Any CPU
		{DB7C7E2B-094F-4FD9-81DB-EBECCAE3CDE9}.Debug|Any CPU.Build.0 = Debug|Any CPU
		{DB7C7E2B-094F-4FD9-81DB-EBECCAE3CDE9}.Release|Any CPU.ActiveCfg = Release|Any CPU
		{DB7C7E2B-094F-4FD9-81DB-EBECCAE3CDE9}.Release|Any CPU.Build.0 = Release|Any CPU
		{2F5724F2-549F-4AC4-932A-DC79FD060AB7}.Debug|Any CPU.ActiveCfg = Debug|Any CPU
		{2F5724F2-549F-4AC4-932A-DC79FD060AB7}.Debug|Any CPU.Build.0 = Debug|Any CPU
		{2F5724F2-549F-4AC4-932A-DC79FD060AB7}.Release|Any CPU.ActiveCfg = Release|Any CPU
		{2F5724F2-549F-4AC4-932A-DC79FD060AB7}.Release|Any CPU.Build.0 = Release|Any CPU
	EndGlobalSection
	GlobalSection(SolutionProperties) = preSolution
		HideSolutionNode = FALSE
	EndGlobalSection
	GlobalSection(ExtensibilityGlobals) = postSolution
		SolutionGuid = {2B4B84E3-85F5-438D-A1B8-6C82FD3D4FF5}
	EndGlobalSection
EndGlobal
